Microsoft Visual Studio Solution File, Format Version 12.00
# Visual Studio Version 17
VisualStudioVersion = 17.5.2.0
MinimumVisualStudioVersion = 10.0.40219.1
Project("{FAE04EC0-301F-11D3-BF4B-00C04F79EFBC}") = "PRJ-FINAL MP09-MP03", "PRJ-FINAL MP09-MP03.csproj", "{E01069E4-3A43-AA96-CB3F-9A9AFFDF76A9}"
EndProject
Global
	GlobalSection(SolutionConfigurationPlatforms) = preSolution
		Debug|Any CPU = Debug|Any CPU
		Release|Any CPU = Release|Any CPU
	EndGlobalSection
	GlobalSection(ProjectConfigurationPlatforms) = postSolution
		{E01069E4-3A43-AA96-CB3F-9A9AFFDF76A9}.Debug|Any CPU.ActiveCfg = Debug|Any CPU
		{E01069E4-3A43-AA96-CB3F-9A9AFFDF76A9}.Debug|Any CPU.Build.0 = Debug|Any CPU
		{E01069E4-3A43-AA96-CB3F-9A9AFFDF76A9}.Release|Any CPU.ActiveCfg = Release|Any CPU
		{E01069E4-3A43-AA96-CB3F-9A9AFFDF76A9}.Release|Any CPU.Build.0 = Release|Any CPU
	EndGlobalSection
	GlobalSection(SolutionProperties) = preSolution
		HideSolutionNode = FALSE
	EndGlobalSection
	GlobalSection(ExtensibilityGlobals) = postSolution
		SolutionGuid = {A1F097DC-E959-4533-957C-1E4B77D75ABA}
	EndGlobalSection
EndGlobal
